
Microsoft Visual Studio Solution File, Format Version 12.00
# Visual Studio Version 17
VisualStudioVersion = 17.8.34408.163
MinimumVisualStudioVersion = 10.0.40219.1
Project("{FAE04EC0-301F-11D3-BF4B-00C04F79EFBC}") = "HelloWorld", "HelloWorld\HelloWorld.csproj", "{DDC0F93B-24CC-4C70-A3D7-F6D15EC2F5F8}"
EndProject
Global
	GlobalSection(SolutionConfigurationPlatforms) = preSolution
		Debug|Any CPU = Debug|Any CPU
		Release|Any CPU = Release|Any CPU
	EndGlobalSection
	GlobalSection(ProjectConfigurationPlatforms) = postSolution
		{DDC0F93B-24CC-4C70-A3D7-F6D15EC2F5F8}.Debug|Any CPU.ActiveCfg = Debug|Any CPU
		{DDC0F93B-24CC-4C70-A3D7-F6D15EC2F5F8}.Debug|Any CPU.Build.0 = Debug|Any CPU
		{DDC0F93B-24CC-4C70-A3D7-F6D15EC2F5F8}.Release|Any CPU.ActiveCfg = Release|Any CPU
		{DDC0F93B-24CC-4C70-A3D7-F6D15EC2F5F8}.Release|Any CPU.Build.0 = Release|Any CPU
	EndGlobalSection
	GlobalSection(SolutionProperties) = preSolution
		HideSolutionNode = FALSE
	EndGlobalSection
	GlobalSection(ExtensibilityGlobals) = postSolution
		SolutionGuid = {73431DE0-03E9-4F47-8A96-049145576D1C}
	EndGlobalSection
EndGlobal
